{
  "name": "containers",
  "version": "1.0.0",
  "lockfileVersion": 2,
  "requires": true,
  "packages": {
    "": {
      "name": "containers",
      "version": "1.0.0",
      "license": "ISC",
      "dependencies": {
        "chalk": "^5.3.0",
        "common-tags": "^1.8.2",
        "events": "^3.3.0",
        "moment": "^2.29.4"
      },
      "devDependencies": {
        "@types/chalk": "^2.2.0",
        "@types/common-tags": "^1.8.2",
        "@types/events": "^3.0.0",
        "@types/moment": "^2.13.0",
        "@types/node": "^20.6.3",
        "typescript": "^5.2.2"
      }
    },
    "node_modules/@types/chalk": {
      "version": "2.2.0",
      "resolved": "https://registry.npmjs.org/@types/chalk/-/chalk-2.2.0.tgz",
      "integrity": "sha512-1zzPV9FDe1I/WHhRkf9SNgqtRJWZqrBWgu7JGveuHmmyR9CnAPCie2N/x+iHrgnpYBIcCJWHBoMRv2TRWktsvw==",
      "deprecated": "This is a stub types definition for chalk (https://github.com/chalk/chalk). chalk provides its own type definitions, so you don't need @types/chalk installed!",
      "dev": true,
      "dependencies": {
        "chalk": "*"
      }
    },
    "node_modules/@types/common-tags": {
      "version": "1.8.2",
      "resolved": "https://registry.npmjs.org/@types/common-tags/-/common-tags-1.8.2.tgz",
      "integrity": "sha512-Z5UcOnlqxFm0tCCTEhkcVOfSihWOMyKypIWHtQNSYh6fMdPUIVpNdLBYutDpDXVHsMUrYzI2IczUHXIzpUovmQ==",
      "dev": true
    },
    "node_modules/@types/events": {
      "version": "3.0.0",
      "resolved": "https://registry.npmjs.org/@types/events/-/events-3.0.0.tgz",
      "integrity": "sha512-EaObqwIvayI5a8dCzhFrjKzVwKLxjoG9T6Ppd5CEo07LRKfQ8Yokw54r5+Wq7FaBQ+yXRvQAYPrHwya1/UFt9g==",
      "dev": true
    },
    "node_modules/@types/moment": {
      "version": "2.13.0",
      "resolved": "https://registry.npmjs.org/@types/moment/-/moment-2.13.0.tgz",
      "integrity": "sha512-DyuyYGpV6r+4Z1bUznLi/Y7HpGn4iQ4IVcGn8zrr1P4KotKLdH0sbK1TFR6RGyX6B+G8u83wCzL+bpawKU/hdQ==",
      "deprecated": "This is a stub types definition for Moment (https://github.com/moment/moment). Moment provides its own type definitions, so you don't need @types/moment installed!",
      "dev": true,
      "dependencies": {
        "moment": "*"
      }
    },
    "node_modules/@types/node": {
      "version": "20.6.3",
      "resolved": "https://registry.npmjs.org/@types/node/-/node-20.6.3.tgz",
      "integrity": "sha512-HksnYH4Ljr4VQgEy2lTStbCKv/P590tmPe5HqOnv9Gprffgv5WXAY+Y5Gqniu0GGqeTCUdBnzC3QSrzPkBkAMA==",
      "dev": true
    },
    "node_modules/chalk": {
      "version": "5.3.0",
      "resolved": "https://registry.npmjs.org/chalk/-/chalk-5.3.0.tgz",
      "integrity": "sha512-dLitG79d+GV1Nb/VYcCDFivJeK1hiukt9QjRNVOsUtTy1rR1YJsmpGGTZ3qJos+uw7WmWF4wUwBd9jxjocFC2w==",
      "engines": {
        "node": "^12.17.0 || ^14.13 || >=16.0.0"
      },
      "funding": {
        "url": "https://github.com/chalk/chalk?sponsor=1"
      }
    },
    "node_modules/common-tags": {
      "version": "1.8.2",
      "resolved": "https://registry.npmjs.org/common-tags/-/common-tags-1.8.2.tgz",
      "integrity": "sha512-gk/Z852D2Wtb//0I+kRFNKKE9dIIVirjoqPoA1wJU+XePVXZfGeBpk45+A1rKO4Q43prqWBNY/MiIeRLbPWUaA==",
      "engines": {
        "node": ">=4.0.0"
      }
    },
    "node_modules/events": {
      "version": "3.3.0",
      "resolved": "https://registry.npmjs.org/events/-/events-3.3.0.tgz",
      "integrity": "sha512-mQw+2fkQbALzQ7V0MY0IqdnXNOeTtP4r0lN9z7AAawCXgqea7bDii20AYrIBrFd/Hx0M2Ocz6S111CaFkUcb0Q==",
      "engines": {
        "node": ">=0.8.x"
      }
    },
    "node_modules/moment": {
      "version": "2.29.4",
      "resolved": "https://registry.npmjs.org/moment/-/moment-2.29.4.tgz",
      "integrity": "sha512-5LC9SOxjSc2HF6vO2CyuTDNivEdoz2IvyJJGj6X8DJ0eFyfszE0QiEd+iXmBvUP3WHxSjFH/vIsA0EN00cgr8w==",
      "engines": {
        "node": "*"
      }
    },
    "node_modules/typescript": {
      "version": "5.2.2",
      "resolved": "https://registry.npmjs.org/typescript/-/typescript-5.2.2.tgz",
      "integrity": "sha512-mI4WrpHsbCIcwT9cF4FZvr80QUeKvsUsUvKDoR+X/7XHQH98xYD8YHZg7ANtz2GtZt/CBq2QJ0thkGJMHfqc1w==",
      "dev": true,
      "bin": {
        "tsc": "bin/tsc",
        "tsserver": "bin/tsserver"
      },
      "engines": {
        "node": ">=14.17"
      }
    }
  },
  "dependencies": {
    "@types/chalk": {
      "version": "2.2.0",
      "resolved": "https://registry.npmjs.org/@types/chalk/-/chalk-2.2.0.tgz",
      "integrity": "sha512-1zzPV9FDe1I/WHhRkf9SNgqtRJWZqrBWgu7JGveuHmmyR9CnAPCie2N/x+iHrgnpYBIcCJWHBoMRv2TRWktsvw==",
      "dev": true,
      "requires": {
        "chalk": "*"
      }
    },
    "@types/common-tags": {
      "version": "1.8.2",
      "resolved": "https://registry.npmjs.org/@types/common-tags/-/common-tags-1.8.2.tgz",
      "integrity": "sha512-Z5UcOnlqxFm0tCCTEhkcVOfSihWOMyKypIWHtQNSYh6fMdPUIVpNdLBYutDpDXVHsMUrYzI2IczUHXIzpUovmQ==",
      "dev": true
    },
    "@types/events": {
      "version": "3.0.0",
      "resolved": "https://registry.npmjs.org/@types/events/-/events-3.0.0.tgz",
      "integrity": "sha512-EaObqwIvayI5a8dCzhFrjKzVwKLxjoG9T6Ppd5CEo07LRKfQ8Yokw54r5+Wq7FaBQ+yXRvQAYPrHwya1/UFt9g==",
      "dev": true
    },
    "@types/moment": {
      "version": "2.13.0",
      "resolved": "https://registry.npmjs.org/@types/moment/-/moment-2.13.0.tgz",
      "integrity": "sha512-DyuyYGpV6r+4Z1bUznLi/Y7HpGn4iQ4IVcGn8zrr1P4KotKLdH0sbK1TFR6RGyX6B+G8u83wCzL+bpawKU/hdQ==",
      "dev": true,
      "requires": {
        "moment": "*"
      }
    },
    "@types/node": {
      "version": "20.6.3",
      "resolved": "https://registry.npmjs.org/@types/node/-/node-20.6.3.tgz",
      "integrity": "sha512-HksnYH4Ljr4VQgEy2lTStbCKv/P590tmPe5HqOnv9Gprffgv5WXAY+Y5Gqniu0GGqeTCUdBnzC3QSrzPkBkAMA==",
      "dev": true
    },
    "chalk": {
      "version": "5.3.0",
      "resolved": "https://registry.npmjs.org/chalk/-/chalk-5.3.0.tgz",
      "integrity": "sha512-dLitG79d+GV1Nb/VYcCDFivJeK1hiukt9QjRNVOsUtTy1rR1YJsmpGGTZ3qJos+uw7WmWF4wUwBd9jxjocFC2w=="
    },
    "common-tags": {
      "version": "1.8.2",
      "resolved": "https://registry.npmjs.org/common-tags/-/common-tags-1.8.2.tgz",
      "integrity": "sha512-gk/Z852D2Wtb//0I+kRFNKKE9dIIVirjoqPoA1wJU+XePVXZfGeBpk45+A1rKO4Q43prqWBNY/MiIeRLbPWUaA=="
    },
    "events": {
      "version": "3.3.0",
      "resolved": "https://registry.npmjs.org/events/-/events-3.3.0.tgz",
      "integrity": "sha512-mQw+2fkQbALzQ7V0MY0IqdnXNOeTtP4r0lN9z7AAawCXgqea7bDii20AYrIBrFd/Hx0M2Ocz6S111CaFkUcb0Q=="
    },
    "moment": {
      "version": "2.29.4",
      "resolved": "https://registry.npmjs.org/moment/-/moment-2.29.4.tgz",
      "integrity": "sha512-5LC9SOxjSc2HF6vO2CyuTDNivEdoz2IvyJJGj6X8DJ0eFyfszE0QiEd+iXmBvUP3WHxSjFH/vIsA0EN00cgr8w=="
    },
    "typescript": {
      "version": "5.2.2",
      "resolved": "https://registry.npmjs.org/typescript/-/typescript-5.2.2.tgz",
      "integrity": "sha512-mI4WrpHsbCIcwT9cF4FZvr80QUeKvsUsUvKDoR+X/7XHQH98xYD8YHZg7ANtz2GtZt/CBq2QJ0thkGJMHfqc1w==",
      "dev": true
    }
  }
}
